// !$*UTF8*$!
{
	archiveVersion = 1;
	classes = {
	};
	objectVersion = 56;
	objects = {

/* Begin PBXBuildFile section */
		1D0A68362B638403006F8A4A /* KakaoLoginView.swift in Sources */ = {isa = PBXBuildFile; fileRef = 1D0A68352B638403006F8A4A /* KakaoLoginView.swift */; };
		1D2B61842B63929900945EE2 /* KakaoLoginViewModel.swift in Sources */ = {isa = PBXBuildFile; fileRef = 1D2B61832B63929900945EE2 /* KakaoLoginViewModel.swift */; };
		1E9CA8884DE9A470795B434C /* Pods_BookBridge_BookBridgeUITests.framework in Frameworks */ = {isa = PBXBuildFile; fileRef = 38996D702CA8C661E33E70C8 /* Pods_BookBridge_BookBridgeUITests.framework */; };
		34927C483CF1E10C21B09E15 /* Pods_BookBridgeTests.framework in Frameworks */ = {isa = PBXBuildFile; fileRef = A49B59480B4D646B466C597B /* Pods_BookBridgeTests.framework */; };
		5A1A168E2B6228290063D408 /* LoginGoogleView.swift in Sources */ = {isa = PBXBuildFile; fileRef = 5A1A168D2B6228290063D408 /* LoginGoogleView.swift */; };
		5A1A16942B622BB10063D408 /* Utilities.swift in Sources */ = {isa = PBXBuildFile; fileRef = 5A1A16932B622BB10063D408 /* Utilities.swift */; };
		5A1A16962B6231870063D408 /* AuthenticationManager.swift in Sources */ = {isa = PBXBuildFile; fileRef = 5A1A16952B6231870063D408 /* AuthenticationManager.swift */; };
		5A7A4E262B61DFFD00F79C23 /* BookBridgeApp.swift in Sources */ = {isa = PBXBuildFile; fileRef = 5A7A4E252B61DFFD00F79C23 /* BookBridgeApp.swift */; };
		5A7A4E282B61DFFD00F79C23 /* ContentView.swift in Sources */ = {isa = PBXBuildFile; fileRef = 5A7A4E272B61DFFD00F79C23 /* ContentView.swift */; };
		5A7A4E2A2B61DFFE00F79C23 /* Assets.xcassets in Resources */ = {isa = PBXBuildFile; fileRef = 5A7A4E292B61DFFE00F79C23 /* Assets.xcassets */; };
		5A7A4E2D2B61DFFE00F79C23 /* Preview Assets.xcassets in Resources */ = {isa = PBXBuildFile; fileRef = 5A7A4E2C2B61DFFE00F79C23 /* Preview Assets.xcassets */; };
		5A7A4E372B61DFFE00F79C23 /* BookBridgeTests.swift in Sources */ = {isa = PBXBuildFile; fileRef = 5A7A4E362B61DFFE00F79C23 /* BookBridgeTests.swift */; };
		5A7A4E412B61DFFE00F79C23 /* BookBridgeUITests.swift in Sources */ = {isa = PBXBuildFile; fileRef = 5A7A4E402B61DFFE00F79C23 /* BookBridgeUITests.swift */; };
		5A7A4E432B61DFFE00F79C23 /* BookBridgeUITestsLaunchTests.swift in Sources */ = {isa = PBXBuildFile; fileRef = 5A7A4E422B61DFFE00F79C23 /* BookBridgeUITestsLaunchTests.swift */; };
		5A7A4E502B61E06600F79C23 /* .gitignore in Resources */ = {isa = PBXBuildFile; fileRef = 5A7A4E4F2B61E06600F79C23 /* .gitignore */; };
		5A7A4E552B62269600F79C23 /* LoginView.swift in Sources */ = {isa = PBXBuildFile; fileRef = 5A7A4E542B62269600F79C23 /* LoginView.swift */; };
		5A9A33852B628D9E00982E92 /* SignInGoogleHelper.swift in Sources */ = {isa = PBXBuildFile; fileRef = 5A9A33842B628D9E00982E92 /* SignInGoogleHelper.swift */; };
		5A9A33872B62960800982E92 /* ColorExtension.swift in Sources */ = {isa = PBXBuildFile; fileRef = 5A9A33862B62960800982E92 /* ColorExtension.swift */; };
		91392F292B68BE0E0092052A /* FindPostingView.swift in Sources */ = {isa = PBXBuildFile; fileRef = 91392F282B68BE0E0092052A /* FindPostingView.swift */; };
		913EFD962B673EF70019263C /* GoogleService-Info.plist in Resources */ = {isa = PBXBuildFile; fileRef = 913EFD952B673EF70019263C /* GoogleService-Info.plist */; };
		91B80A422B676EEE000D5339 /* ImagePicker.swift in Sources */ = {isa = PBXBuildFile; fileRef = 91B80A412B676EEE000D5339 /* ImagePicker.swift */; };
		91B80A452B6798B9000D5339 /* TabView.swift in Sources */ = {isa = PBXBuildFile; fileRef = 91B80A442B6798B9000D5339 /* TabView.swift */; };
		91B80A472B6799B7000D5339 /* ChangePostingView.swift in Sources */ = {isa = PBXBuildFile; fileRef = 91B80A462B6799B7000D5339 /* ChangePostingView.swift */; };
		91C60CE82B67492500A1E8E4 /* StorageManager.swift in Sources */ = {isa = PBXBuildFile; fileRef = 91C60CE72B67492500A1E8E4 /* StorageManager.swift */; };
		AFE5B788F315503A86355ABB /* Pods_BookBridge.framework in Frameworks */ = {isa = PBXBuildFile; fileRef = 0D0208E9110CB38EDE3D59A6 /* Pods_BookBridge.framework */; };
		F623A51B2B68BFBC00B5C159 /* ChangePostingViewModel.swift in Sources */ = {isa = PBXBuildFile; fileRef = F623A51A2B68BFBC00B5C159 /* ChangePostingViewModel.swift */; };
		F623A51D2B68C01E00B5C159 /* ChangePostModel.swift in Sources */ = {isa = PBXBuildFile; fileRef = F623A51C2B68C01E00B5C159 /* ChangePostModel.swift */; };
		F623A5272B6A1DFE00B5C159 /* FindPostingViewModel.swift in Sources */ = {isa = PBXBuildFile; fileRef = F623A5262B6A1DFE00B5C159 /* FindPostingViewModel.swift */; };
		F623A5292B6A1E0C00B5C159 /* FindPostingModel.swift in Sources */ = {isa = PBXBuildFile; fileRef = F623A5282B6A1E0B00B5C159 /* FindPostingModel.swift */; };
/* End PBXBuildFile section */

/* Begin PBXContainerItemProxy section */
		5A7A4E332B61DFFE00F79C23 /* PBXContainerItemProxy */ = {
			isa = PBXContainerItemProxy;
			containerPortal = 5A7A4E1A2B61DFFD00F79C23 /* Project object */;
			proxyType = 1;
			remoteGlobalIDString = 5A7A4E212B61DFFD00F79C23;
			remoteInfo = BookBridge;
		};
		5A7A4E3D2B61DFFE00F79C23 /* PBXContainerItemProxy */ = {
			isa = PBXContainerItemProxy;
			containerPortal = 5A7A4E1A2B61DFFD00F79C23 /* Project object */;
			proxyType = 1;
			remoteGlobalIDString = 5A7A4E212B61DFFD00F79C23;
			remoteInfo = BookBridge;
		};
/* End PBXContainerItemProxy section */

/* Begin PBXFileReference section */
		07195F50FBEF30F8FF959D95 /* Pods-BookBridgeTests.release.xcconfig */ = {isa = PBXFileReference; includeInIndex = 1; lastKnownFileType = text.xcconfig; name = "Pods-BookBridgeTests.release.xcconfig"; path = "Target Support Files/Pods-BookBridgeTests/Pods-BookBridgeTests.release.xcconfig"; sourceTree = "<group>"; };
		0D0208E9110CB38EDE3D59A6 /* Pods_BookBridge.framework */ = {isa = PBXFileReference; explicitFileType = wrapper.framework; includeInIndex = 0; path = Pods_BookBridge.framework; sourceTree = BUILT_PRODUCTS_DIR; };
		1D0A68352B638403006F8A4A /* KakaoLoginView.swift */ = {isa = PBXFileReference; lastKnownFileType = sourcecode.swift; path = KakaoLoginView.swift; sourceTree = "<group>"; };
		1D2B61832B63929900945EE2 /* KakaoLoginViewModel.swift */ = {isa = PBXFileReference; lastKnownFileType = sourcecode.swift; path = KakaoLoginViewModel.swift; sourceTree = "<group>"; };
		2C64B1A5C532C5F1A934328D /* Pods-BookBridge-BookBridgeUITests.release.xcconfig */ = {isa = PBXFileReference; includeInIndex = 1; lastKnownFileType = text.xcconfig; name = "Pods-BookBridge-BookBridgeUITests.release.xcconfig"; path = "Target Support Files/Pods-BookBridge-BookBridgeUITests/Pods-BookBridge-BookBridgeUITests.release.xcconfig"; sourceTree = "<group>"; };
		38996D702CA8C661E33E70C8 /* Pods_BookBridge_BookBridgeUITests.framework */ = {isa = PBXFileReference; explicitFileType = wrapper.framework; includeInIndex = 0; path = Pods_BookBridge_BookBridgeUITests.framework; sourceTree = BUILT_PRODUCTS_DIR; };
		38E83709A8699EFCEF75F30C /* Pods-BookBridge-BookBridgeUITests.debug.xcconfig */ = {isa = PBXFileReference; includeInIndex = 1; lastKnownFileType = text.xcconfig; name = "Pods-BookBridge-BookBridgeUITests.debug.xcconfig"; path = "Target Support Files/Pods-BookBridge-BookBridgeUITests/Pods-BookBridge-BookBridgeUITests.debug.xcconfig"; sourceTree = "<group>"; };
		5A1A168D2B6228290063D408 /* LoginGoogleView.swift */ = {isa = PBXFileReference; lastKnownFileType = sourcecode.swift; path = LoginGoogleView.swift; sourceTree = "<group>"; };
		5A1A168F2B62285A0063D408 /* Info.plist */ = {isa = PBXFileReference; lastKnownFileType = text.plist; path = Info.plist; sourceTree = "<group>"; };
		5A1A16932B622BB10063D408 /* Utilities.swift */ = {isa = PBXFileReference; lastKnownFileType = sourcecode.swift; path = Utilities.swift; sourceTree = "<group>"; };
		5A1A16952B6231870063D408 /* AuthenticationManager.swift */ = {isa = PBXFileReference; lastKnownFileType = sourcecode.swift; path = AuthenticationManager.swift; sourceTree = "<group>"; };
		5A7A4E222B61DFFD00F79C23 /* BookBridge.app */ = {isa = PBXFileReference; explicitFileType = wrapper.application; includeInIndex = 0; path = BookBridge.app; sourceTree = BUILT_PRODUCTS_DIR; };
		5A7A4E252B61DFFD00F79C23 /* BookBridgeApp.swift */ = {isa = PBXFileReference; lastKnownFileType = sourcecode.swift; path = BookBridgeApp.swift; sourceTree = "<group>"; };
		5A7A4E272B61DFFD00F79C23 /* ContentView.swift */ = {isa = PBXFileReference; lastKnownFileType = sourcecode.swift; path = ContentView.swift; sourceTree = "<group>"; };
		5A7A4E292B61DFFE00F79C23 /* Assets.xcassets */ = {isa = PBXFileReference; lastKnownFileType = folder.assetcatalog; path = Assets.xcassets; sourceTree = "<group>"; };
		5A7A4E2C2B61DFFE00F79C23 /* Preview Assets.xcassets */ = {isa = PBXFileReference; lastKnownFileType = folder.assetcatalog; path = "Preview Assets.xcassets"; sourceTree = "<group>"; };
		5A7A4E322B61DFFE00F79C23 /* BookBridgeTests.xctest */ = {isa = PBXFileReference; explicitFileType = wrapper.cfbundle; includeInIndex = 0; path = BookBridgeTests.xctest; sourceTree = BUILT_PRODUCTS_DIR; };
		5A7A4E362B61DFFE00F79C23 /* BookBridgeTests.swift */ = {isa = PBXFileReference; lastKnownFileType = sourcecode.swift; path = BookBridgeTests.swift; sourceTree = "<group>"; };
		5A7A4E3C2B61DFFE00F79C23 /* BookBridgeUITests.xctest */ = {isa = PBXFileReference; explicitFileType = wrapper.cfbundle; includeInIndex = 0; path = BookBridgeUITests.xctest; sourceTree = BUILT_PRODUCTS_DIR; };
		5A7A4E402B61DFFE00F79C23 /* BookBridgeUITests.swift */ = {isa = PBXFileReference; lastKnownFileType = sourcecode.swift; path = BookBridgeUITests.swift; sourceTree = "<group>"; };
		5A7A4E422B61DFFE00F79C23 /* BookBridgeUITestsLaunchTests.swift */ = {isa = PBXFileReference; lastKnownFileType = sourcecode.swift; path = BookBridgeUITestsLaunchTests.swift; sourceTree = "<group>"; };
		5A7A4E4F2B61E06600F79C23 /* .gitignore */ = {isa = PBXFileReference; lastKnownFileType = text; path = .gitignore; sourceTree = "<group>"; };
		5A7A4E542B62269600F79C23 /* LoginView.swift */ = {isa = PBXFileReference; lastKnownFileType = sourcecode.swift; path = LoginView.swift; sourceTree = "<group>"; };
		5A9A33842B628D9E00982E92 /* SignInGoogleHelper.swift */ = {isa = PBXFileReference; lastKnownFileType = sourcecode.swift; path = SignInGoogleHelper.swift; sourceTree = "<group>"; };
		5A9A33862B62960800982E92 /* ColorExtension.swift */ = {isa = PBXFileReference; lastKnownFileType = sourcecode.swift; path = ColorExtension.swift; sourceTree = "<group>"; };
		7C8CB12351EDD2306C897CC8 /* Pods-BookBridgeTests.debug.xcconfig */ = {isa = PBXFileReference; includeInIndex = 1; lastKnownFileType = text.xcconfig; name = "Pods-BookBridgeTests.debug.xcconfig"; path = "Target Support Files/Pods-BookBridgeTests/Pods-BookBridgeTests.debug.xcconfig"; sourceTree = "<group>"; };
		91392F282B68BE0E0092052A /* FindPostingView.swift */ = {isa = PBXFileReference; lastKnownFileType = sourcecode.swift; path = FindPostingView.swift; sourceTree = "<group>"; };
		913EFD952B673EF70019263C /* GoogleService-Info.plist */ = {isa = PBXFileReference; fileEncoding = 4; lastKnownFileType = text.plist.xml; path = "GoogleService-Info.plist"; sourceTree = "<group>"; };
		91B80A412B676EEE000D5339 /* ImagePicker.swift */ = {isa = PBXFileReference; lastKnownFileType = sourcecode.swift; path = ImagePicker.swift; sourceTree = "<group>"; };
		91B80A442B6798B9000D5339 /* TabView.swift */ = {isa = PBXFileReference; lastKnownFileType = sourcecode.swift; path = TabView.swift; sourceTree = "<group>"; };
		91B80A462B6799B7000D5339 /* ChangePostingView.swift */ = {isa = PBXFileReference; lastKnownFileType = sourcecode.swift; path = ChangePostingView.swift; sourceTree = "<group>"; };
		91C60CE72B67492500A1E8E4 /* StorageManager.swift */ = {isa = PBXFileReference; lastKnownFileType = sourcecode.swift; path = StorageManager.swift; sourceTree = "<group>"; };
		A49B59480B4D646B466C597B /* Pods_BookBridgeTests.framework */ = {isa = PBXFileReference; explicitFileType = wrapper.framework; includeInIndex = 0; path = Pods_BookBridgeTests.framework; sourceTree = BUILT_PRODUCTS_DIR; };
		A5811A49FE2A9EF629A77C52 /* Pods-BookBridge.debug.xcconfig */ = {isa = PBXFileReference; includeInIndex = 1; lastKnownFileType = text.xcconfig; name = "Pods-BookBridge.debug.xcconfig"; path = "Target Support Files/Pods-BookBridge/Pods-BookBridge.debug.xcconfig"; sourceTree = "<group>"; };
		CD38D177426E7831566653B2 /* Pods-BookBridge.release.xcconfig */ = {isa = PBXFileReference; includeInIndex = 1; lastKnownFileType = text.xcconfig; name = "Pods-BookBridge.release.xcconfig"; path = "Target Support Files/Pods-BookBridge/Pods-BookBridge.release.xcconfig"; sourceTree = "<group>"; };
		F623A51A2B68BFBC00B5C159 /* ChangePostingViewModel.swift */ = {isa = PBXFileReference; lastKnownFileType = sourcecode.swift; path = ChangePostingViewModel.swift; sourceTree = "<group>"; };
		F623A51C2B68C01E00B5C159 /* ChangePostModel.swift */ = {isa = PBXFileReference; lastKnownFileType = sourcecode.swift; path = ChangePostModel.swift; sourceTree = "<group>"; };
		F623A5262B6A1DFE00B5C159 /* FindPostingViewModel.swift */ = {isa = PBXFileReference; lastKnownFileType = sourcecode.swift; path = FindPostingViewModel.swift; sourceTree = "<group>"; };
		F623A5282B6A1E0B00B5C159 /* FindPostingModel.swift */ = {isa = PBXFileReference; lastKnownFileType = sourcecode.swift; path = FindPostingModel.swift; sourceTree = "<group>"; };
/* End PBXFileReference section */

/* Begin PBXFrameworksBuildPhase section */
		5A7A4E1F2B61DFFD00F79C23 /* Frameworks */ = {
			isa = PBXFrameworksBuildPhase;
			buildActionMask = 2147483647;
			files = (
				AFE5B788F315503A86355ABB /* Pods_BookBridge.framework in Frameworks */,
			);
			runOnlyForDeploymentPostprocessing = 0;
		};
		5A7A4E2F2B61DFFE00F79C23 /* Frameworks */ = {
			isa = PBXFrameworksBuildPhase;
			buildActionMask = 2147483647;
			files = (
				34927C483CF1E10C21B09E15 /* Pods_BookBridgeTests.framework in Frameworks */,
			);
			runOnlyForDeploymentPostprocessing = 0;
		};
		5A7A4E392B61DFFE00F79C23 /* Frameworks */ = {
			isa = PBXFrameworksBuildPhase;
			buildActionMask = 2147483647;
			files = (
				1E9CA8884DE9A470795B434C /* Pods_BookBridge_BookBridgeUITests.framework in Frameworks */,
			);
			runOnlyForDeploymentPostprocessing = 0;
		};
/* End PBXFrameworksBuildPhase section */

/* Begin PBXGroup section */
		1D922F442B636F1200C3642F /* KaKaoLogin */ = {
			isa = PBXGroup;
			children = (
				1D0A68352B638403006F8A4A /* KakaoLoginView.swift */,
				1D2B61832B63929900945EE2 /* KakaoLoginViewModel.swift */,
			);
			path = KaKaoLogin;
			sourceTree = "<group>";
		};
		5A1A168C2B6228150063D408 /* Login */ = {
			isa = PBXGroup;
			children = (
				1D922F442B636F1200C3642F /* KaKaoLogin */,
				5A7A4E542B62269600F79C23 /* LoginView.swift */,
				5A1A168D2B6228290063D408 /* LoginGoogleView.swift */,
				5A1A16952B6231870063D408 /* AuthenticationManager.swift */,
				5A9A33842B628D9E00982E92 /* SignInGoogleHelper.swift */,
			);
			path = Login;
			sourceTree = "<group>";
		};
		5A1A16922B622B9F0063D408 /* Utilities */ = {
			isa = PBXGroup;
			children = (
				5A1A16932B622BB10063D408 /* Utilities.swift */,
				5A9A33862B62960800982E92 /* ColorExtension.swift */,
			);
			path = Utilities;
			sourceTree = "<group>";
		};
		5A7A4E192B61DFFD00F79C23 = {
			isa = PBXGroup;
			children = (
				5A7A4E4F2B61E06600F79C23 /* .gitignore */,
				913EFD952B673EF70019263C /* GoogleService-Info.plist */,
				5A7A4E242B61DFFD00F79C23 /* BookBridge */,
				5A7A4E352B61DFFE00F79C23 /* BookBridgeTests */,
				5A7A4E3F2B61DFFE00F79C23 /* BookBridgeUITests */,
				5A7A4E232B61DFFD00F79C23 /* Products */,
				7BFA2AE0109ED85C6A9152AB /* Pods */,
				E0BEB9434AD39B31FC1C04DF /* Frameworks */,
			);
			sourceTree = "<group>";
		};
		5A7A4E232B61DFFD00F79C23 /* Products */ = {
			isa = PBXGroup;
			children = (
				5A7A4E222B61DFFD00F79C23 /* BookBridge.app */,
				5A7A4E322B61DFFE00F79C23 /* BookBridgeTests.xctest */,
				5A7A4E3C2B61DFFE00F79C23 /* BookBridgeUITests.xctest */,
			);
			name = Products;
			sourceTree = "<group>";
		};
		5A7A4E242B61DFFD00F79C23 /* BookBridge */ = {
			isa = PBXGroup;
			children = (
				5A1A16922B622B9F0063D408 /* Utilities */,
				5A1A168F2B62285A0063D408 /* Info.plist */,
				91C60CE62B6747C400A1E8E4 /* ViewModel */,
				5A7A4E532B62268A00F79C23 /* Views */,
				5A7A4E252B61DFFD00F79C23 /* BookBridgeApp.swift */,
				5A7A4E292B61DFFE00F79C23 /* Assets.xcassets */,
				5A7A4E2B2B61DFFE00F79C23 /* Preview Content */,
			);
			path = BookBridge;
			sourceTree = "<group>";
		};
		5A7A4E2B2B61DFFE00F79C23 /* Preview Content */ = {
			isa = PBXGroup;
			children = (
				5A7A4E2C2B61DFFE00F79C23 /* Preview Assets.xcassets */,
			);
			path = "Preview Content";
			sourceTree = "<group>";
		};
		5A7A4E352B61DFFE00F79C23 /* BookBridgeTests */ = {
			isa = PBXGroup;
			children = (
				5A7A4E362B61DFFE00F79C23 /* BookBridgeTests.swift */,
			);
			path = BookBridgeTests;
			sourceTree = "<group>";
		};
		5A7A4E3F2B61DFFE00F79C23 /* BookBridgeUITests */ = {
			isa = PBXGroup;
			children = (
				5A7A4E402B61DFFE00F79C23 /* BookBridgeUITests.swift */,
				5A7A4E422B61DFFE00F79C23 /* BookBridgeUITestsLaunchTests.swift */,
			);
			path = BookBridgeUITests;
			sourceTree = "<group>";
		};
		5A7A4E532B62268A00F79C23 /* Views */ = {
			isa = PBXGroup;
			children = (
				91B80A442B6798B9000D5339 /* TabView.swift */,
				91C60CE22B67459E00A1E8E4 /* Posting */,
				5A1A168C2B6228150063D408 /* Login */,
				5A7A4E272B61DFFD00F79C23 /* ContentView.swift */,
			);
			path = Views;
			sourceTree = "<group>";
		};
		7BFA2AE0109ED85C6A9152AB /* Pods */ = {
			isa = PBXGroup;
			children = (
				A5811A49FE2A9EF629A77C52 /* Pods-BookBridge.debug.xcconfig */,
				CD38D177426E7831566653B2 /* Pods-BookBridge.release.xcconfig */,
				38E83709A8699EFCEF75F30C /* Pods-BookBridge-BookBridgeUITests.debug.xcconfig */,
				2C64B1A5C532C5F1A934328D /* Pods-BookBridge-BookBridgeUITests.release.xcconfig */,
				7C8CB12351EDD2306C897CC8 /* Pods-BookBridgeTests.debug.xcconfig */,
				07195F50FBEF30F8FF959D95 /* Pods-BookBridgeTests.release.xcconfig */,
			);
			path = Pods;
			sourceTree = "<group>";
		};
		91C60CE22B67459E00A1E8E4 /* Posting */ = {
			isa = PBXGroup;
			children = (
				91B80A462B6799B7000D5339 /* ChangePostingView.swift */,
				91392F282B68BE0E0092052A /* FindPostingView.swift */,
			);
			path = Posting;
			sourceTree = "<group>";
		};
		91C60CE62B6747C400A1E8E4 /* ViewModel */ = {
			isa = PBXGroup;
			children = (
				91C60CE72B67492500A1E8E4 /* StorageManager.swift */,
				91B80A412B676EEE000D5339 /* ImagePicker.swift */,
				F623A51A2B68BFBC00B5C159 /* ChangePostingViewModel.swift */,
				F623A51C2B68C01E00B5C159 /* ChangePostModel.swift */,
				F623A5262B6A1DFE00B5C159 /* FindPostingViewModel.swift */,
				F623A5282B6A1E0B00B5C159 /* FindPostingModel.swift */,
			);
			path = ViewModel;
			sourceTree = "<group>";
		};
		E0BEB9434AD39B31FC1C04DF /* Frameworks */ = {
			isa = PBXGroup;
			children = (
				0D0208E9110CB38EDE3D59A6 /* Pods_BookBridge.framework */,
				38996D702CA8C661E33E70C8 /* Pods_BookBridge_BookBridgeUITests.framework */,
				A49B59480B4D646B466C597B /* Pods_BookBridgeTests.framework */,
			);
			name = Frameworks;
			sourceTree = "<group>";
		};
/* End PBXGroup section */

/* Begin PBXNativeTarget section */
		5A7A4E212B61DFFD00F79C23 /* BookBridge */ = {
			isa = PBXNativeTarget;
			buildConfigurationList = 5A7A4E462B61DFFE00F79C23 /* Build configuration list for PBXNativeTarget "BookBridge" */;
			buildPhases = (
				DAFE10845BC4FC6780E08335 /* [CP] Check Pods Manifest.lock */,
				5A7A4E1E2B61DFFD00F79C23 /* Sources */,
				5A7A4E1F2B61DFFD00F79C23 /* Frameworks */,
				5A7A4E202B61DFFD00F79C23 /* Resources */,
				3FDB86E0A4423C5527627E26 /* [CP] Copy Pods Resources */,
			);
			buildRules = (
			);
			dependencies = (
			);
			name = BookBridge;
			packageProductDependencies = (
			);
			productName = BookBridge;
			productReference = 5A7A4E222B61DFFD00F79C23 /* BookBridge.app */;
			productType = "com.apple.product-type.application";
		};
		5A7A4E312B61DFFE00F79C23 /* BookBridgeTests */ = {
			isa = PBXNativeTarget;
			buildConfigurationList = 5A7A4E492B61DFFE00F79C23 /* Build configuration list for PBXNativeTarget "BookBridgeTests" */;
			buildPhases = (
				CCA0F2522344BC88616A4C5B /* [CP] Check Pods Manifest.lock */,
				5A7A4E2E2B61DFFE00F79C23 /* Sources */,
				5A7A4E2F2B61DFFE00F79C23 /* Frameworks */,
				5A7A4E302B61DFFE00F79C23 /* Resources */,
			);
			buildRules = (
			);
			dependencies = (
				5A7A4E342B61DFFE00F79C23 /* PBXTargetDependency */,
			);
			name = BookBridgeTests;
			productName = BookBridgeTests;
			productReference = 5A7A4E322B61DFFE00F79C23 /* BookBridgeTests.xctest */;
			productType = "com.apple.product-type.bundle.unit-test";
		};
		5A7A4E3B2B61DFFE00F79C23 /* BookBridgeUITests */ = {
			isa = PBXNativeTarget;
			buildConfigurationList = 5A7A4E4C2B61DFFE00F79C23 /* Build configuration list for PBXNativeTarget "BookBridgeUITests" */;
			buildPhases = (
				6F59E5411193109960F7F95E /* [CP] Check Pods Manifest.lock */,
				5A7A4E382B61DFFE00F79C23 /* Sources */,
				5A7A4E392B61DFFE00F79C23 /* Frameworks */,
				5A7A4E3A2B61DFFE00F79C23 /* Resources */,
				CBC581BB139EAE58B5EADB30 /* [CP] Copy Pods Resources */,
			);
			buildRules = (
			);
			dependencies = (
				5A7A4E3E2B61DFFE00F79C23 /* PBXTargetDependency */,
			);
			name = BookBridgeUITests;
			productName = BookBridgeUITests;
			productReference = 5A7A4E3C2B61DFFE00F79C23 /* BookBridgeUITests.xctest */;
			productType = "com.apple.product-type.bundle.ui-testing";
		};
/* End PBXNativeTarget section */

/* Begin PBXProject section */
		5A7A4E1A2B61DFFD00F79C23 /* Project object */ = {
			isa = PBXProject;
			attributes = {
				BuildIndependentTargetsInParallel = 1;
				LastSwiftUpdateCheck = 1510;
				LastUpgradeCheck = 1510;
				TargetAttributes = {
					5A7A4E212B61DFFD00F79C23 = {
						CreatedOnToolsVersion = 15.1;
					};
					5A7A4E312B61DFFE00F79C23 = {
						CreatedOnToolsVersion = 15.1;
						TestTargetID = 5A7A4E212B61DFFD00F79C23;
					};
					5A7A4E3B2B61DFFE00F79C23 = {
						CreatedOnToolsVersion = 15.1;
						TestTargetID = 5A7A4E212B61DFFD00F79C23;
					};
				};
			};
			buildConfigurationList = 5A7A4E1D2B61DFFD00F79C23 /* Build configuration list for PBXProject "BookBridge" */;
			compatibilityVersion = "Xcode 14.0";
			developmentRegion = en;
			hasScannedForEncodings = 0;
			knownRegions = (
				en,
				Base,
			);
			mainGroup = 5A7A4E192B61DFFD00F79C23;
			packageReferences = (
			);
			productRefGroup = 5A7A4E232B61DFFD00F79C23 /* Products */;
			projectDirPath = "";
			projectRoot = "";
			targets = (
				5A7A4E212B61DFFD00F79C23 /* BookBridge */,
				5A7A4E312B61DFFE00F79C23 /* BookBridgeTests */,
				5A7A4E3B2B61DFFE00F79C23 /* BookBridgeUITests */,
			);
		};
/* End PBXProject section */

/* Begin PBXResourcesBuildPhase section */
		5A7A4E202B61DFFD00F79C23 /* Resources */ = {
			isa = PBXResourcesBuildPhase;
			buildActionMask = 2147483647;
			files = (
				5A7A4E2D2B61DFFE00F79C23 /* Preview Assets.xcassets in Resources */,
				913EFD962B673EF70019263C /* GoogleService-Info.plist in Resources */,
				5A7A4E502B61E06600F79C23 /* .gitignore in Resources */,
				5A7A4E2A2B61DFFE00F79C23 /* Assets.xcassets in Resources */,
			);
			runOnlyForDeploymentPostprocessing = 0;
		};
		5A7A4E302B61DFFE00F79C23 /* Resources */ = {
			isa = PBXResourcesBuildPhase;
			buildActionMask = 2147483647;
			files = (
			);
			runOnlyForDeploymentPostprocessing = 0;
		};
		5A7A4E3A2B61DFFE00F79C23 /* Resources */ = {
			isa = PBXResourcesBuildPhase;
			buildActionMask = 2147483647;
			files = (
			);
			runOnlyForDeploymentPostprocessing = 0;
		};
/* End PBXResourcesBuildPhase section */

/* Begin PBXShellScriptBuildPhase section */
		3FDB86E0A4423C5527627E26 /* [CP] Copy Pods Resources */ = {
			isa = PBXShellScriptBuildPhase;
			buildActionMask = 2147483647;
			files = (
			);
			inputFileListPaths = (
				"${PODS_ROOT}/Target Support Files/Pods-BookBridge/Pods-BookBridge-resources-${CONFIGURATION}-input-files.xcfilelist",
			);
			name = "[CP] Copy Pods Resources";
			outputFileListPaths = (
				"${PODS_ROOT}/Target Support Files/Pods-BookBridge/Pods-BookBridge-resources-${CONFIGURATION}-output-files.xcfilelist",
			);
			runOnlyForDeploymentPostprocessing = 0;
			shellPath = /bin/sh;
			shellScript = "\"${PODS_ROOT}/Target Support Files/Pods-BookBridge/Pods-BookBridge-resources.sh\"\n";
			showEnvVarsInLog = 0;
		};
		6F59E5411193109960F7F95E /* [CP] Check Pods Manifest.lock */ = {
			isa = PBXShellScriptBuildPhase;
			buildActionMask = 2147483647;
			files = (
			);
			inputFileListPaths = (
			);
			inputPaths = (
				"${PODS_PODFILE_DIR_PATH}/Podfile.lock",
				"${PODS_ROOT}/Manifest.lock",
			);
			name = "[CP] Check Pods Manifest.lock";
			outputFileListPaths = (
			);
			outputPaths = (
				"$(DERIVED_FILE_DIR)/Pods-BookBridge-BookBridgeUITests-checkManifestLockResult.txt",
			);
			runOnlyForDeploymentPostprocessing = 0;
			shellPath = /bin/sh;
			shellScript = "diff \"${PODS_PODFILE_DIR_PATH}/Podfile.lock\" \"${PODS_ROOT}/Manifest.lock\" > /dev/null\nif [ $? != 0 ] ; then\n    # print error to STDERR\n    echo \"error: The sandbox is not in sync with the Podfile.lock. Run 'pod install' or update your CocoaPods installation.\" >&2\n    exit 1\nfi\n# This output is used by Xcode 'outputs' to avoid re-running this script phase.\necho \"SUCCESS\" > \"${SCRIPT_OUTPUT_FILE_0}\"\n";
			showEnvVarsInLog = 0;
		};
		CBC581BB139EAE58B5EADB30 /* [CP] Copy Pods Resources */ = {
			isa = PBXShellScriptBuildPhase;
			buildActionMask = 2147483647;
			files = (
			);
			inputFileListPaths = (
				"${PODS_ROOT}/Target Support Files/Pods-BookBridge-BookBridgeUITests/Pods-BookBridge-BookBridgeUITests-resources-${CONFIGURATION}-input-files.xcfilelist",
			);
			name = "[CP] Copy Pods Resources";
			outputFileListPaths = (
				"${PODS_ROOT}/Target Support Files/Pods-BookBridge-BookBridgeUITests/Pods-BookBridge-BookBridgeUITests-resources-${CONFIGURATION}-output-files.xcfilelist",
			);
			runOnlyForDeploymentPostprocessing = 0;
			shellPath = /bin/sh;
			shellScript = "\"${PODS_ROOT}/Target Support Files/Pods-BookBridge-BookBridgeUITests/Pods-BookBridge-BookBridgeUITests-resources.sh\"\n";
			showEnvVarsInLog = 0;
		};
		CCA0F2522344BC88616A4C5B /* [CP] Check Pods Manifest.lock */ = {
			isa = PBXShellScriptBuildPhase;
			buildActionMask = 2147483647;
			files = (
			);
			inputFileListPaths = (
			);
			inputPaths = (
				"${PODS_PODFILE_DIR_PATH}/Podfile.lock",
				"${PODS_ROOT}/Manifest.lock",
			);
			name = "[CP] Check Pods Manifest.lock";
			outputFileListPaths = (
			);
			outputPaths = (
				"$(DERIVED_FILE_DIR)/Pods-BookBridgeTests-checkManifestLockResult.txt",
			);
			runOnlyForDeploymentPostprocessing = 0;
			shellPath = /bin/sh;
			shellScript = "diff \"${PODS_PODFILE_DIR_PATH}/Podfile.lock\" \"${PODS_ROOT}/Manifest.lock\" > /dev/null\nif [ $? != 0 ] ; then\n    # print error to STDERR\n    echo \"error: The sandbox is not in sync with the Podfile.lock. Run 'pod install' or update your CocoaPods installation.\" >&2\n    exit 1\nfi\n# This output is used by Xcode 'outputs' to avoid re-running this script phase.\necho \"SUCCESS\" > \"${SCRIPT_OUTPUT_FILE_0}\"\n";
			showEnvVarsInLog = 0;
		};
		DAFE10845BC4FC6780E08335 /* [CP] Check Pods Manifest.lock */ = {
			isa = PBXShellScriptBuildPhase;
			buildActionMask = 2147483647;
			files = (
			);
			inputFileListPaths = (
			);
			inputPaths = (
				"${PODS_PODFILE_DIR_PATH}/Podfile.lock",
				"${PODS_ROOT}/Manifest.lock",
			);
			name = "[CP] Check Pods Manifest.lock";
			outputFileListPaths = (
			);
			outputPaths = (
				"$(DERIVED_FILE_DIR)/Pods-BookBridge-checkManifestLockResult.txt",
			);
			runOnlyForDeploymentPostprocessing = 0;
			shellPath = /bin/sh;
			shellScript = "diff \"${PODS_PODFILE_DIR_PATH}/Podfile.lock\" \"${PODS_ROOT}/Manifest.lock\" > /dev/null\nif [ $? != 0 ] ; then\n    # print error to STDERR\n    echo \"error: The sandbox is not in sync with the Podfile.lock. Run 'pod install' or update your CocoaPods installation.\" >&2\n    exit 1\nfi\n# This output is used by Xcode 'outputs' to avoid re-running this script phase.\necho \"SUCCESS\" > \"${SCRIPT_OUTPUT_FILE_0}\"\n";
			showEnvVarsInLog = 0;
		};
/* End PBXShellScriptBuildPhase section */

/* Begin PBXSourcesBuildPhase section */
		5A7A4E1E2B61DFFD00F79C23 /* Sources */ = {
			isa = PBXSourcesBuildPhase;
			buildActionMask = 2147483647;
			files = (
				1D2B61842B63929900945EE2 /* KakaoLoginViewModel.swift in Sources */,
				5A7A4E552B62269600F79C23 /* LoginView.swift in Sources */,
				91B80A452B6798B9000D5339 /* TabView.swift in Sources */,
				91B80A422B676EEE000D5339 /* ImagePicker.swift in Sources */,
				F623A51B2B68BFBC00B5C159 /* ChangePostingViewModel.swift in Sources */,
				5A9A33852B628D9E00982E92 /* SignInGoogleHelper.swift in Sources */,
				91C60CE82B67492500A1E8E4 /* StorageManager.swift in Sources */,
				91B80A472B6799B7000D5339 /* ChangePostingView.swift in Sources */,
				F623A5272B6A1DFE00B5C159 /* FindPostingViewModel.swift in Sources */,
				1D0A68362B638403006F8A4A /* KakaoLoginView.swift in Sources */,
				5A1A16942B622BB10063D408 /* Utilities.swift in Sources */,
				5A9A33872B62960800982E92 /* ColorExtension.swift in Sources */,
				91392F292B68BE0E0092052A /* FindPostingView.swift in Sources */,
				F623A5292B6A1E0C00B5C159 /* FindPostingModel.swift in Sources */,
				5A7A4E282B61DFFD00F79C23 /* ContentView.swift in Sources */,
				5A1A16962B6231870063D408 /* AuthenticationManager.swift in Sources */,
				F623A51D2B68C01E00B5C159 /* ChangePostModel.swift in Sources */,
				5A1A168E2B6228290063D408 /* LoginGoogleView.swift in Sources */,
				5A7A4E262B61DFFD00F79C23 /* BookBridgeApp.swift in Sources */,
			);
			runOnlyForDeploymentPostprocessing = 0;
		};
		5A7A4E2E2B61DFFE00F79C23 /* Sources */ = {
			isa = PBXSourcesBuildPhase;
			buildActionMask = 2147483647;
			files = (
				5A7A4E372B61DFFE00F79C23 /* BookBridgeTests.swift in Sources */,
			);
			runOnlyForDeploymentPostprocessing = 0;
		};
		5A7A4E382B61DFFE00F79C23 /* Sources */ = {
			isa = PBXSourcesBuildPhase;
			buildActionMask = 2147483647;
			files = (
				5A7A4E432B61DFFE00F79C23 /* BookBridgeUITestsLaunchTests.swift in Sources */,
				5A7A4E412B61DFFE00F79C23 /* BookBridgeUITests.swift in Sources */,
			);
			runOnlyForDeploymentPostprocessing = 0;
		};
/* End PBXSourcesBuildPhase section */

/* Begin PBXTargetDependency section */
		5A7A4E342B61DFFE00F79C23 /* PBXTargetDependency */ = {
			isa = PBXTargetDependency;
			target = 5A7A4E212B61DFFD00F79C23 /* BookBridge */;
			targetProxy = 5A7A4E332B61DFFE00F79C23 /* PBXContainerItemProxy */;
		};
		5A7A4E3E2B61DFFE00F79C23 /* PBXTargetDependency */ = {
			isa = PBXTargetDependency;
			target = 5A7A4E212B61DFFD00F79C23 /* BookBridge */;
			targetProxy = 5A7A4E3D2B61DFFE00F79C23 /* PBXContainerItemProxy */;
		};
/* End PBXTargetDependency section */

/* Begin XCBuildConfiguration section */
		5A7A4E442B61DFFE00F79C23 /* Debug */ = {
			isa = XCBuildConfiguration;
			buildSettings = {
				ALWAYS_SEARCH_USER_PATHS = NO;
				ASSETCATALOG_COMPILER_GENERATE_SWIFT_ASSET_SYMBOL_EXTENSIONS = YES;
				CLANG_ANALYZER_NONNULL = YES;
				CLANG_ANALYZER_NUMBER_OBJECT_CONVERSION = YES_AGGRESSIVE;
				CLANG_CXX_LANGUAGE_STANDARD = "gnu++20";
				CLANG_ENABLE_MODULES = YES;
				CLANG_ENABLE_OBJC_ARC = YES;
				CLANG_ENABLE_OBJC_WEAK = YES;
				CLANG_WARN_BLOCK_CAPTURE_AUTORELEASING = YES;
				CLANG_WARN_BOOL_CONVERSION = YES;
				CLANG_WARN_COMMA = YES;
				CLANG_WARN_CONSTANT_CONVERSION = YES;
				CLANG_WARN_DEPRECATED_OBJC_IMPLEMENTATIONS = YES;
				CLANG_WARN_DIRECT_OBJC_ISA_USAGE = YES_ERROR;
				CLANG_WARN_DOCUMENTATION_COMMENTS = YES;
				CLANG_WARN_EMPTY_BODY = YES;
				CLANG_WARN_ENUM_CONVERSION = YES;
				CLANG_WARN_INFINITE_RECURSION = YES;
				CLANG_WARN_INT_CONVERSION = YES;
				CLANG_WARN_NON_LITERAL_NULL_CONVERSION = YES;
				CLANG_WARN_OBJC_IMPLICIT_RETAIN_SELF = YES;
				CLANG_WARN_OBJC_LITERAL_CONVERSION = YES;
				CLANG_WARN_OBJC_ROOT_CLASS = YES_ERROR;
				CLANG_WARN_QUOTED_INCLUDE_IN_FRAMEWORK_HEADER = YES;
				CLANG_WARN_RANGE_LOOP_ANALYSIS = YES;
				CLANG_WARN_STRICT_PROTOTYPES = YES;
				CLANG_WARN_SUSPICIOUS_MOVE = YES;
				CLANG_WARN_UNGUARDED_AVAILABILITY = YES_AGGRESSIVE;
				CLANG_WARN_UNREACHABLE_CODE = YES;
				CLANG_WARN__DUPLICATE_METHOD_MATCH = YES;
				COPY_PHASE_STRIP = NO;
				DEBUG_INFORMATION_FORMAT = dwarf;
				ENABLE_STRICT_OBJC_MSGSEND = YES;
				ENABLE_TESTABILITY = YES;
				ENABLE_USER_SCRIPT_SANDBOXING = NO;
				GCC_C_LANGUAGE_STANDARD = gnu17;
				GCC_DYNAMIC_NO_PIC = NO;
				GCC_NO_COMMON_BLOCKS = YES;
				GCC_OPTIMIZATION_LEVEL = 0;
				GCC_PREPROCESSOR_DEFINITIONS = (
					"DEBUG=1",
					"$(inherited)",
				);
				GCC_WARN_64_TO_32_BIT_CONVERSION = YES;
				GCC_WARN_ABOUT_RETURN_TYPE = YES_ERROR;
				GCC_WARN_UNDECLARED_SELECTOR = YES;
				GCC_WARN_UNINITIALIZED_AUTOS = YES_AGGRESSIVE;
				GCC_WARN_UNUSED_FUNCTION = YES;
				GCC_WARN_UNUSED_VARIABLE = YES;
				IPHONEOS_DEPLOYMENT_TARGET = 16.0;
				LOCALIZATION_PREFERS_STRING_CATALOGS = YES;
				MTL_ENABLE_DEBUG_INFO = INCLUDE_SOURCE;
				MTL_FAST_MATH = YES;
				ONLY_ACTIVE_ARCH = YES;
				SDKROOT = iphoneos;
				SWIFT_ACTIVE_COMPILATION_CONDITIONS = "DEBUG $(inherited)";
				SWIFT_OPTIMIZATION_LEVEL = "-Onone";
			};
			name = Debug;
		};
		5A7A4E452B61DFFE00F79C23 /* Release */ = {
			isa = XCBuildConfiguration;
			buildSettings = {
				ALWAYS_SEARCH_USER_PATHS = NO;
				ASSETCATALOG_COMPILER_GENERATE_SWIFT_ASSET_SYMBOL_EXTENSIONS = YES;
				CLANG_ANALYZER_NONNULL = YES;
				CLANG_ANALYZER_NUMBER_OBJECT_CONVERSION = YES_AGGRESSIVE;
				CLANG_CXX_LANGUAGE_STANDARD = "gnu++20";
				CLANG_ENABLE_MODULES = YES;
				CLANG_ENABLE_OBJC_ARC = YES;
				CLANG_ENABLE_OBJC_WEAK = YES;
				CLANG_WARN_BLOCK_CAPTURE_AUTORELEASING = YES;
				CLANG_WARN_BOOL_CONVERSION = YES;
				CLANG_WARN_COMMA = YES;
				CLANG_WARN_CONSTANT_CONVERSION = YES;
				CLANG_WARN_DEPRECATED_OBJC_IMPLEMENTATIONS = YES;
				CLANG_WARN_DIRECT_OBJC_ISA_USAGE = YES_ERROR;
				CLANG_WARN_DOCUMENTATION_COMMENTS = YES;
				CLANG_WARN_EMPTY_BODY = YES;
				CLANG_WARN_ENUM_CONVERSION = YES;
				CLANG_WARN_INFINITE_RECURSION = YES;
				CLANG_WARN_INT_CONVERSION = YES;
				CLANG_WARN_NON_LITERAL_NULL_CONVERSION = YES;
				CLANG_WARN_OBJC_IMPLICIT_RETAIN_SELF = YES;
				CLANG_WARN_OBJC_LITERAL_CONVERSION = YES;
				CLANG_WARN_OBJC_ROOT_CLASS = YES_ERROR;
				CLANG_WARN_QUOTED_INCLUDE_IN_FRAMEWORK_HEADER = YES;
				CLANG_WARN_RANGE_LOOP_ANALYSIS = YES;
				CLANG_WARN_STRICT_PROTOTYPES = YES;
				CLANG_WARN_SUSPICIOUS_MOVE = YES;
				CLANG_WARN_UNGUARDED_AVAILABILITY = YES_AGGRESSIVE;
				CLANG_WARN_UNREACHABLE_CODE = YES;
				CLANG_WARN__DUPLICATE_METHOD_MATCH = YES;
				COPY_PHASE_STRIP = NO;
				DEBUG_INFORMATION_FORMAT = "dwarf-with-dsym";
				ENABLE_NS_ASSERTIONS = NO;
				ENABLE_STRICT_OBJC_MSGSEND = YES;
				ENABLE_USER_SCRIPT_SANDBOXING = NO;
				GCC_C_LANGUAGE_STANDARD = gnu17;
				GCC_NO_COMMON_BLOCKS = YES;
				GCC_WARN_64_TO_32_BIT_CONVERSION = YES;
				GCC_WARN_ABOUT_RETURN_TYPE = YES_ERROR;
				GCC_WARN_UNDECLARED_SELECTOR = YES;
				GCC_WARN_UNINITIALIZED_AUTOS = YES_AGGRESSIVE;
				GCC_WARN_UNUSED_FUNCTION = YES;
				GCC_WARN_UNUSED_VARIABLE = YES;
				IPHONEOS_DEPLOYMENT_TARGET = 16.0;
				LOCALIZATION_PREFERS_STRING_CATALOGS = YES;
				MTL_ENABLE_DEBUG_INFO = NO;
				MTL_FAST_MATH = YES;
				SDKROOT = iphoneos;
				SWIFT_COMPILATION_MODE = wholemodule;
				VALIDATE_PRODUCT = YES;
			};
			name = Release;
		};
		5A7A4E472B61DFFE00F79C23 /* Debug */ = {
			isa = XCBuildConfiguration;
			baseConfigurationReference = A5811A49FE2A9EF629A77C52 /* Pods-BookBridge.debug.xcconfig */;
			buildSettings = {
				ASSETCATALOG_COMPILER_APPICON_NAME = AppIcon;
				ASSETCATALOG_COMPILER_GLOBAL_ACCENT_COLOR_NAME = AccentColor;
				CODE_SIGN_IDENTITY = "Apple Development";
				"CODE_SIGN_IDENTITY[sdk=iphoneos*]" = "iPhone Developer";
				CODE_SIGN_STYLE = Manual;
				CURRENT_PROJECT_VERSION = 1;
				DEVELOPMENT_ASSET_PATHS = "\"BookBridge/Preview Content\"";
				DEVELOPMENT_TEAM = "";
				"DEVELOPMENT_TEAM[sdk=iphoneos*]" = KVX67TSKSQ;
				ENABLE_PREVIEWS = YES;
				GENERATE_INFOPLIST_FILE = YES;
				INFOPLIST_FILE = BookBridge/Info.plist;
				INFOPLIST_KEY_NSCameraUsageDescription = "사진 기능을 사용하려면 사진/비디오 접근권한을 허용해야 합니다.";
				INFOPLIST_KEY_UIApplicationSceneManifest_Generation = YES;
				INFOPLIST_KEY_UIApplicationSupportsIndirectInputEvents = YES;
				INFOPLIST_KEY_UILaunchScreen_Generation = YES;
				INFOPLIST_KEY_UISupportedInterfaceOrientations_iPad = "UIInterfaceOrientationPortrait UIInterfaceOrientationPortraitUpsideDown UIInterfaceOrientationLandscapeLeft UIInterfaceOrientationLandscapeRight";
				INFOPLIST_KEY_UISupportedInterfaceOrientations_iPhone = "UIInterfaceOrientationPortrait UIInterfaceOrientationLandscapeLeft UIInterfaceOrientationLandscapeRight";
				IPHONEOS_DEPLOYMENT_TARGET = 15.0;
				LD_RUNPATH_SEARCH_PATHS = (
					"$(inherited)",
					"@executable_path/Frameworks",
				);
				MARKETING_VERSION = 1.0;
				PRODUCT_BUNDLE_IDENTIFIER = com.bookBridge;
				PRODUCT_NAME = "$(TARGET_NAME)";
				PROVISIONING_PROFILE_SPECIFIER = "";
				"PROVISIONING_PROFILE_SPECIFIER[sdk=iphoneos*]" = BookBrigeProfile;
				SWIFT_EMIT_LOC_STRINGS = YES;
				SWIFT_VERSION = 5.0;
				TARGETED_DEVICE_FAMILY = "1,2";
			};
			name = Debug;
		};
		5A7A4E482B61DFFE00F79C23 /* Release */ = {
			isa = XCBuildConfiguration;
			baseConfigurationReference = CD38D177426E7831566653B2 /* Pods-BookBridge.release.xcconfig */;
			buildSettings = {
				ASSETCATALOG_COMPILER_APPICON_NAME = AppIcon;
				ASSETCATALOG_COMPILER_GLOBAL_ACCENT_COLOR_NAME = AccentColor;
				CODE_SIGN_IDENTITY = "Apple Development";
				"CODE_SIGN_IDENTITY[sdk=iphoneos*]" = "iPhone Developer";
				CODE_SIGN_STYLE = Manual;
				CURRENT_PROJECT_VERSION = 1;
				DEVELOPMENT_ASSET_PATHS = "\"BookBridge/Preview Content\"";
				DEVELOPMENT_TEAM = "";
				"DEVELOPMENT_TEAM[sdk=iphoneos*]" = KVX67TSKSQ;
				ENABLE_PREVIEWS = YES;
				GENERATE_INFOPLIST_FILE = YES;
				INFOPLIST_FILE = BookBridge/Info.plist;
				INFOPLIST_KEY_NSCameraUsageDescription = "사진 기능을 사용하려면 사진/비디오 접근권한을 허용해야 합니다.";
				INFOPLIST_KEY_UIApplicationSceneManifest_Generation = YES;
				INFOPLIST_KEY_UIApplicationSupportsIndirectInputEvents = YES;
				INFOPLIST_KEY_UILaunchScreen_Generation = YES;
				INFOPLIST_KEY_UISupportedInterfaceOrientations_iPad = "UIInterfaceOrientationPortrait UIInterfaceOrientationPortraitUpsideDown UIInterfaceOrientationLandscapeLeft UIInterfaceOrientationLandscapeRight";
				INFOPLIST_KEY_UISupportedInterfaceOrientations_iPhone = "UIInterfaceOrientationPortrait UIInterfaceOrientationLandscapeLeft UIInterfaceOrientationLandscapeRight";
				IPHONEOS_DEPLOYMENT_TARGET = 15.0;
				LD_RUNPATH_SEARCH_PATHS = (
					"$(inherited)",
					"@executable_path/Frameworks",
				);
				MARKETING_VERSION = 1.0;
				PRODUCT_BUNDLE_IDENTIFIER = com.bookBridge;
				PRODUCT_NAME = "$(TARGET_NAME)";
				PROVISIONING_PROFILE_SPECIFIER = "";
				"PROVISIONING_PROFILE_SPECIFIER[sdk=iphoneos*]" = BookBrigeProfile;
				SWIFT_EMIT_LOC_STRINGS = YES;
				SWIFT_VERSION = 5.0;
				TARGETED_DEVICE_FAMILY = "1,2";
			};
			name = Release;
		};
		5A7A4E4A2B61DFFE00F79C23 /* Debug */ = {
			isa = XCBuildConfiguration;
			baseConfigurationReference = 7C8CB12351EDD2306C897CC8 /* Pods-BookBridgeTests.debug.xcconfig */;
			buildSettings = {
				ALWAYS_EMBED_SWIFT_STANDARD_LIBRARIES = YES;
				BUNDLE_LOADER = "$(TEST_HOST)";
				CODE_SIGN_STYLE = Automatic;
				CURRENT_PROJECT_VERSION = 1;
				GENERATE_INFOPLIST_FILE = YES;
				IPHONEOS_DEPLOYMENT_TARGET = 17.2;
				MARKETING_VERSION = 1.0;
				PRODUCT_BUNDLE_IDENTIFIER = Sample.BookBridgeTests;
				PRODUCT_NAME = "$(TARGET_NAME)";
				SWIFT_EMIT_LOC_STRINGS = NO;
				SWIFT_VERSION = 5.0;
				TARGETED_DEVICE_FAMILY = "1,2";
				TEST_HOST = "$(BUILT_PRODUCTS_DIR)/BookBridge.app/$(BUNDLE_EXECUTABLE_FOLDER_PATH)/BookBridge";
			};
			name = Debug;
		};
		5A7A4E4B2B61DFFE00F79C23 /* Release */ = {
			isa = XCBuildConfiguration;
			baseConfigurationReference = 07195F50FBEF30F8FF959D95 /* Pods-BookBridgeTests.release.xcconfig */;
			buildSettings = {
				ALWAYS_EMBED_SWIFT_STANDARD_LIBRARIES = YES;
				BUNDLE_LOADER = "$(TEST_HOST)";
				CODE_SIGN_STYLE = Automatic;
				CURRENT_PROJECT_VERSION = 1;
				GENERATE_INFOPLIST_FILE = YES;
				IPHONEOS_DEPLOYMENT_TARGET = 17.2;
				MARKETING_VERSION = 1.0;
				PRODUCT_BUNDLE_IDENTIFIER = Sample.BookBridgeTests;
				PRODUCT_NAME = "$(TARGET_NAME)";
				SWIFT_EMIT_LOC_STRINGS = NO;
				SWIFT_VERSION = 5.0;
				TARGETED_DEVICE_FAMILY = "1,2";
				TEST_HOST = "$(BUILT_PRODUCTS_DIR)/BookBridge.app/$(BUNDLE_EXECUTABLE_FOLDER_PATH)/BookBridge";
			};
			name = Release;
		};
		5A7A4E4D2B61DFFE00F79C23 /* Debug */ = {
			isa = XCBuildConfiguration;
			baseConfigurationReference = 38E83709A8699EFCEF75F30C /* Pods-BookBridge-BookBridgeUITests.debug.xcconfig */;
			buildSettings = {
				ALWAYS_EMBED_SWIFT_STANDARD_LIBRARIES = YES;
				CODE_SIGN_STYLE = Automatic;
				CURRENT_PROJECT_VERSION = 1;
				GENERATE_INFOPLIST_FILE = YES;
				MARKETING_VERSION = 1.0;
				PRODUCT_BUNDLE_IDENTIFIER = Sample.BookBridgeUITests;
				PRODUCT_NAME = "$(TARGET_NAME)";
				SWIFT_EMIT_LOC_STRINGS = NO;
				SWIFT_VERSION = 5.0;
				TARGETED_DEVICE_FAMILY = "1,2";
				TEST_TARGET_NAME = BookBridge;
			};
			name = Debug;
		};
		5A7A4E4E2B61DFFE00F79C23 /* Release */ = {
			isa = XCBuildConfiguration;
			baseConfigurationReference = 2C64B1A5C532C5F1A934328D /* Pods-BookBridge-BookBridgeUITests.release.xcconfig */;
			buildSettings = {
				ALWAYS_EMBED_SWIFT_STANDARD_LIBRARIES = YES;
				CODE_SIGN_STYLE = Automatic;
				CURRENT_PROJECT_VERSION = 1;
				GENERATE_INFOPLIST_FILE = YES;
				MARKETING_VERSION = 1.0;
				PRODUCT_BUNDLE_IDENTIFIER = Sample.BookBridgeUITests;
				PRODUCT_NAME = "$(TARGET_NAME)";
				SWIFT_EMIT_LOC_STRINGS = NO;
				SWIFT_VERSION = 5.0;
				TARGETED_DEVICE_FAMILY = "1,2";
				TEST_TARGET_NAME = BookBridge;
			};
			name = Release;
		};
/* End XCBuildConfiguration section */

/* Begin XCConfigurationList section */
		5A7A4E1D2B61DFFD00F79C23 /* Build configuration list for PBXProject "BookBridge" */ = {
			isa = XCConfigurationList;
			buildConfigurations = (
				5A7A4E442B61DFFE00F79C23 /* Debug */,
				5A7A4E452B61DFFE00F79C23 /* Release */,
			);
			defaultConfigurationIsVisible = 0;
			defaultConfigurationName = Release;
		};
		5A7A4E462B61DFFE00F79C23 /* Build configuration list for PBXNativeTarget "BookBridge" */ = {
			isa = XCConfigurationList;
			buildConfigurations = (
				5A7A4E472B61DFFE00F79C23 /* Debug */,
				5A7A4E482B61DFFE00F79C23 /* Release */,
			);
			defaultConfigurationIsVisible = 0;
			defaultConfigurationName = Release;
		};
		5A7A4E492B61DFFE00F79C23 /* Build configuration list for PBXNativeTarget "BookBridgeTests" */ = {
			isa = XCConfigurationList;
			buildConfigurations = (
				5A7A4E4A2B61DFFE00F79C23 /* Debug */,
				5A7A4E4B2B61DFFE00F79C23 /* Release */,
			);
			defaultConfigurationIsVisible = 0;
			defaultConfigurationName = Release;
		};
		5A7A4E4C2B61DFFE00F79C23 /* Build configuration list for PBXNativeTarget "BookBridgeUITests" */ = {
			isa = XCConfigurationList;
			buildConfigurations = (
				5A7A4E4D2B61DFFE00F79C23 /* Debug */,
				5A7A4E4E2B61DFFE00F79C23 /* Release */,
			);
			defaultConfigurationIsVisible = 0;
			defaultConfigurationName = Release;
		};
/* End XCConfigurationList section */
	};
	rootObject = 5A7A4E1A2B61DFFD00F79C23 /* Project object */;
}
